
Microsoft Visual Studio Solution File, Format Version 12.00
# Visual Studio Version 17
VisualStudioVersion = 17.0.31903.59
MinimumVisualStudioVersion = 10.0.40219.1
Project("{2150E333-8FDC-42A3-9474-1A3956D46DE8}") = "src", "src", "{827E0CD3-B72D-47B6-A68D-7590B98EB39B}"
EndProject
Project("{FAE04EC0-301F-11D3-BF4B-00C04F79EFBC}") = "QudLab.Core", "src\QudLab.Core\QudLab.Core.csproj", "{E0DDFF55-E63E-427B-9EA7-BDE8329968A3}"
EndProject
Project("{FAE04EC0-301F-11D3-BF4B-00C04F79EFBC}") = "QudLab.Indexer", "src\QudLab.Indexer\QudLab.Indexer.csproj", "{8F8A5930-29D7-44CA-A41E-3E096C4FD04C}"
EndProject
Project("{FAE04EC0-301F-11D3-BF4B-00C04F79EFBC}") = "QudLab.Assistant", "src\QudLab.Assistant\QudLab.Assistant.csproj", "{A8627991-EDF1-4D59-A8B9-E8402610C322}"
EndProject
Project("{FAE04EC0-301F-11D3-BF4B-00C04F79EFBC}") = "QudLab.RoslynCompile", "src\QudLab.RoslynCompile\QudLab.RoslynCompile.csproj", "{65568789-A061-4EB6-ADD8-0929D1F8EB50}"
EndProject
Project("{FAE04EC0-301F-11D3-BF4B-00C04F79EFBC}") = "QudLab.Simulator", "src\QudLab.Simulator\QudLab.Simulator.csproj", "{717FCCE7-A0CF-4585-9A4D-D28DEB951719}"
EndProject
Project("{FAE04EC0-301F-11D3-BF4B-00C04F79EFBC}") = "QudLab.Ai", "src\QudLab.Ai\QudLab.Ai.csproj", "{C08F4190-664D-4BF9-ACEC-02D4A797697D}"
EndProject
Project("{FAE04EC0-301F-11D3-BF4B-00C04F79EFBC}") = "QudLab.Cli", "src\QudLab.Cli\QudLab.Cli.csproj", "{A2EF6FBA-3C37-4D3F-A0F3-F4BFD1D6220B}"
EndProject
Project("{FAE04EC0-301F-11D3-BF4B-00C04F79EFBC}") = "QudLab.SimHost", "src\QudLab.SimHost\QudLab.SimHost.csproj", "{78B0A34E-2E2A-421A-8D5D-BE39FCAC4237}"
EndProject
Project("{2150E333-8FDC-42A3-9474-1A3956D46DE8}") = "Workspace", "Workspace", "{5A457842-FB45-8F1D-F7AD-AB94A1461D60}"
EndProject
Project("{FAE04EC0-301F-11D3-BF4B-00C04F79EFBC}") = "QudLab.ModWorkspace", "Workspace\QudLab.ModWorkspace.csproj", "{B247C0CD-BE61-454A-A665-99FC627FAA42}"
EndProject
Project("{FAE04EC0-301F-11D3-BF4B-00C04F79EFBC}") = "QudLab.Gui", "src\QudLab.Gui\QudLab.Gui.csproj", "{76E150A5-A401-49E8-AB9A-34DAD20A75B4}"
EndProject
Global
	GlobalSection(SolutionConfigurationPlatforms) = preSolution
		Debug|Any CPU = Debug|Any CPU
		Debug|x64 = Debug|x64
		Debug|x86 = Debug|x86
		Release|Any CPU = Release|Any CPU
		Release|x64 = Release|x64
		Release|x86 = Release|x86
	EndGlobalSection
	GlobalSection(ProjectConfigurationPlatforms) = postSolution
		{E0DDFF55-E63E-427B-9EA7-BDE8329968A3}.Debug|Any CPU.ActiveCfg = Debug|Any CPU
		{E0DDFF55-E63E-427B-9EA7-BDE8329968A3}.Debug|Any CPU.Build.0 = Debug|Any CPU
		{E0DDFF55-E63E-427B-9EA7-BDE8329968A3}.Debug|x64.ActiveCfg = Debug|Any CPU
		{E0DDFF55-E63E-427B-9EA7-BDE8329968A3}.Debug|x64.Build.0 = Debug|Any CPU
		{E0DDFF55-E63E-427B-9EA7-BDE8329968A3}.Debug|x86.ActiveCfg = Debug|Any CPU
		{E0DDFF55-E63E-427B-9EA7-BDE8329968A3}.Debug|x86.Build.0 = Debug|Any CPU
		{E0DDFF55-E63E-427B-9EA7-BDE8329968A3}.Release|Any CPU.ActiveCfg = Release|Any CPU
		{E0DDFF55-E63E-427B-9EA7-BDE8329968A3}.Release|Any CPU.Build.0 = Release|Any CPU
		{E0DDFF55-E63E-427B-9EA7-BDE8329968A3}.Release|x64.ActiveCfg = Release|Any CPU
		{E0DDFF55-E63E-427B-9EA7-BDE8329968A3}.Release|x64.Build.0 = Release|Any CPU
		{E0DDFF55-E63E-427B-9EA7-BDE8329968A3}.Release|x86.ActiveCfg = Release|Any CPU
		{E0DDFF55-E63E-427B-9EA7-BDE8329968A3}.Release|x86.Build.0 = Release|Any CPU
		{8F8A5930-29D7-44CA-A41E-3E096C4FD04C}.Debug|Any CPU.ActiveCfg = Debug|Any CPU
		{8F8A5930-29D7-44CA-A41E-3E096C4FD04C}.Debug|Any CPU.Build.0 = Debug|Any CPU
		{8F8A5930-29D7-44CA-A41E-3E096C4FD04C}.Debug|x64.ActiveCfg = Debug|Any CPU
		{8F8A5930-29D7-44CA-A41E-3E096C4FD04C}.Debug|x64.Build.0 = Debug|Any CPU
		{8F8A5930-29D7-44CA-A41E-3E096C4FD04C}.Debug|x86.ActiveCfg = Debug|Any CPU
		{8F8A5930-29D7-44CA-A41E-3E096C4FD04C}.Debug|x86.Build.0 = Debug|Any CPU
		{8F8A5930-29D7-44CA-A41E-3E096C4FD04C}.Release|Any CPU.ActiveCfg = Release|Any CPU
		{8F8A5930-29D7-44CA-A41E-3E096C4FD04C}.Release|Any CPU.Build.0 = Release|Any CPU
		{8F8A5930-29D7-44CA-A41E-3E096C4FD04C}.Release|x64.ActiveCfg = Release|Any CPU
		{8F8A5930-29D7-44CA-A41E-3E096C4FD04C}.Release|x64.Build.0 = Release|Any CPU
		{8F8A5930-29D7-44CA-A41E-3E096C4FD04C}.Release|x86.ActiveCfg = Release|Any CPU
		{8F8A5930-29D7-44CA-A41E-3E096C4FD04C}.Release|x86.Build.0 = Release|Any CPU
		{A8627991-EDF1-4D59-A8B9-E8402610C322}.Debug|Any CPU.ActiveCfg = Debug|Any CPU
		{A8627991-EDF1-4D59-A8B9-E8402610C322}.Debug|Any CPU.Build.0 = Debug|Any CPU
		{A8627991-EDF1-4D59-A8B9-E8402610C322}.Debug|x64.ActiveCfg = Debug|Any CPU
		{A8627991-EDF1-4D59-A8B9-E8402610C322}.Debug|x64.Build.0 = Debug|Any CPU
		{A8627991-EDF1-4D59-A8B9-E8402610C322}.Debug|x86.ActiveCfg = Debug|Any CPU
		{A8627991-EDF1-4D59-A8B9-E8402610C322}.Debug|x86.Build.0 = Debug|Any CPU
		{A8627991-EDF1-4D59-A8B9-E8402610C322}.Release|Any CPU.ActiveCfg = Release|Any CPU
		{A8627991-EDF1-4D59-A8B9-E8402610C322}.Release|Any CPU.Build.0 = Release|Any CPU
		{A8627991-EDF1-4D59-A8B9-E8402610C322}.Release|x64.ActiveCfg = Release|Any CPU
		{A8627991-EDF1-4D59-A8B9-E8402610C322}.Release|x64.Build.0 = Release|Any CPU
		{A8627991-EDF1-4D59-A8B9-E8402610C322}.Release|x86.ActiveCfg = Release|Any CPU
		{A8627991-EDF1-4D59-A8B9-E8402610C322}.Release|x86.Build.0 = Release|Any CPU
		{65568789-A061-4EB6-ADD8-0929D1F8EB50}.Debug|Any CPU.ActiveCfg = Debug|Any CPU
		{65568789-A061-4EB6-ADD8-0929D1F8EB50}.Debug|Any CPU.Build.0 = Debug|Any CPU
		{65568789-A061-4EB6-ADD8-0929D1F8EB50}.Debug|x64.ActiveCfg = Debug|Any CPU
		{65568789-A061-4EB6-ADD8-0929D1F8EB50}.Debug|x64.Build.0 = Debug|Any CPU
		{65568789-A061-4EB6-ADD8-0929D1F8EB50}.Debug|x86.ActiveCfg = Debug|Any CPU
		{65568789-A061-4EB6-ADD8-0929D1F8EB50}.Debug|x86.Build.0 = Debug|Any CPU
		{65568789-A061-4EB6-ADD8-0929D1F8EB50}.Release|Any CPU.ActiveCfg = Release|Any CPU
		{65568789-A061-4EB6-ADD8-0929D1F8EB50}.Release|Any CPU.Build.0 = Release|Any CPU
		{65568789-A061-4EB6-ADD8-0929D1F8EB50}.Release|x64.ActiveCfg = Release|Any CPU
		{65568789-A061-4EB6-ADD8-0929D1F8EB50}.Release|x64.Build.0 = Release|Any CPU
		{65568789-A061-4EB6-ADD8-0929D1F8EB50}.Release|x86.ActiveCfg = Release|Any CPU
		{65568789-A061-4EB6-ADD8-0929D1F8EB50}.Release|x86.Build.0 = Release|Any CPU
		{717FCCE7-A0CF-4585-9A4D-D28DEB951719}.Debug|Any CPU.ActiveCfg = Debug|Any CPU
		{717FCCE7-A0CF-4585-9A4D-D28DEB951719}.Debug|Any CPU.Build.0 = Debug|Any CPU
		{717FCCE7-A0CF-4585-9A4D-D28DEB951719}.Debug|x64.ActiveCfg = Debug|Any CPU
		{717FCCE7-A0CF-4585-9A4D-D28DEB951719}.Debug|x64.Build.0 = Debug|Any CPU
		{717FCCE7-A0CF-4585-9A4D-D28DEB951719}.Debug|x86.ActiveCfg = Debug|Any CPU
		{717FCCE7-A0CF-4585-9A4D-D28DEB951719}.Debug|x86.Build.0 = Debug|Any CPU
		{717FCCE7-A0CF-4585-9A4D-D28DEB951719}.Release|Any CPU.ActiveCfg = Release|Any CPU
		{717FCCE7-A0CF-4585-9A4D-D28DEB951719}.Release|Any CPU.Build.0 = Release|Any CPU
		{717FCCE7-A0CF-4585-9A4D-D28DEB951719}.Release|x64.ActiveCfg = Release|Any CPU
		{717FCCE7-A0CF-4585-9A4D-D28DEB951719}.Release|x64.Build.0 = Release|Any CPU
		{717FCCE7-A0CF-4585-9A4D-D28DEB951719}.Release|x86.ActiveCfg = Release|Any CPU
		{717FCCE7-A0CF-4585-9A4D-D28DEB951719}.Release|x86.Build.0 = Release|Any CPU
		{C08F4190-664D-4BF9-ACEC-02D4A797697D}.Debug|Any CPU.ActiveCfg = Debug|Any CPU
		{C08F4190-664D-4BF9-ACEC-02D4A797697D}.Debug|Any CPU.Build.0 = Debug|Any CPU
		{C08F4190-664D-4BF9-ACEC-02D4A797697D}.Debug|x64.ActiveCfg = Debug|Any CPU
		{C08F4190-664D-4BF9-ACEC-02D4A797697D}.Debug|x64.Build.0 = Debug|Any CPU
		{C08F4190-664D-4BF9-ACEC-02D4A797697D}.Debug|x86.ActiveCfg = Debug|Any CPU
		{C08F4190-664D-4BF9-ACEC-02D4A797697D}.Debug|x86.Build.0 = Debug|Any CPU
		{C08F4190-664D-4BF9-ACEC-02D4A797697D}.Release|Any CPU.ActiveCfg = Release|Any CPU
		{C08F4190-664D-4BF9-ACEC-02D4A797697D}.Release|Any CPU.Build.0 = Release|Any CPU
		{C08F4190-664D-4BF9-ACEC-02D4A797697D}.Release|x64.ActiveCfg = Release|Any CPU
		{C08F4190-664D-4BF9-ACEC-02D4A797697D}.Release|x64.Build.0 = Release|Any CPU
		{C08F4190-664D-4BF9-ACEC-02D4A797697D}.Release|x86.ActiveCfg = Release|Any CPU
		{C08F4190-664D-4BF9-ACEC-02D4A797697D}.Release|x86.Build.0 = Release|Any CPU
		{A2EF6FBA-3C37-4D3F-A0F3-F4BFD1D6220B}.Debug|Any CPU.ActiveCfg = Debug|Any CPU
		{A2EF6FBA-3C37-4D3F-A0F3-F4BFD1D6220B}.Debug|Any CPU.Build.0 = Debug|Any CPU
		{A2EF6FBA-3C37-4D3F-A0F3-F4BFD1D6220B}.Debug|x64.ActiveCfg = Debug|Any CPU
		{A2EF6FBA-3C37-4D3F-A0F3-F4BFD1D6220B}.Debug|x64.Build.0 = Debug|Any CPU
		{A2EF6FBA-3C37-4D3F-A0F3-F4BFD1D6220B}.Debug|x86.ActiveCfg = Debug|Any CPU
		{A2EF6FBA-3C37-4D3F-A0F3-F4BFD1D6220B}.Debug|x86.Build.0 = Debug|Any CPU
		{A2EF6FBA-3C37-4D3F-A0F3-F4BFD1D6220B}.Release|Any CPU.ActiveCfg = Release|Any CPU
		{A2EF6FBA-3C37-4D3F-A0F3-F4BFD1D6220B}.Release|Any CPU.Build.0 = Release|Any CPU
		{A2EF6FBA-3C37-4D3F-A0F3-F4BFD1D6220B}.Release|x64.ActiveCfg = Release|Any CPU
		{A2EF6FBA-3C37-4D3F-A0F3-F4BFD1D6220B}.Release|x64.Build.0 = Release|Any CPU
		{A2EF6FBA-3C37-4D3F-A0F3-F4BFD1D6220B}.Release|x86.ActiveCfg = Release|Any CPU
		{A2EF6FBA-3C37-4D3F-A0F3-F4BFD1D6220B}.Release|x86.Build.0 = Release|Any CPU
		{78B0A34E-2E2A-421A-8D5D-BE39FCAC4237}.Debug|Any CPU.ActiveCfg = Debug|Any CPU
		{78B0A34E-2E2A-421A-8D5D-BE39FCAC4237}.Debug|Any CPU.Build.0 = Debug|Any CPU
		{78B0A34E-2E2A-421A-8D5D-BE39FCAC4237}.Debug|x64.ActiveCfg = Debug|Any CPU
		{78B0A34E-2E2A-421A-8D5D-BE39FCAC4237}.Debug|x64.Build.0 = Debug|Any CPU
		{78B0A34E-2E2A-421A-8D5D-BE39FCAC4237}.Debug|x86.ActiveCfg = Debug|Any CPU
		{78B0A34E-2E2A-421A-8D5D-BE39FCAC4237}.Debug|x86.Build.0 = Debug|Any CPU
		{78B0A34E-2E2A-421A-8D5D-BE39FCAC4237}.Release|Any CPU.ActiveCfg = Release|Any CPU
		{78B0A34E-2E2A-421A-8D5D-BE39FCAC4237}.Release|Any CPU.Build.0 = Release|Any CPU
		{78B0A34E-2E2A-421A-8D5D-BE39FCAC4237}.Release|x64.ActiveCfg = Release|Any CPU
		{78B0A34E-2E2A-421A-8D5D-BE39FCAC4237}.Release|x64.Build.0 = Release|Any CPU
		{78B0A34E-2E2A-421A-8D5D-BE39FCAC4237}.Release|x86.ActiveCfg = Release|Any CPU
		{78B0A34E-2E2A-421A-8D5D-BE39FCAC4237}.Release|x86.Build.0 = Release|Any CPU
		{B247C0CD-BE61-454A-A665-99FC627FAA42}.Debug|Any CPU.ActiveCfg = Debug|Any CPU
		{B247C0CD-BE61-454A-A665-99FC627FAA42}.Debug|Any CPU.Build.0 = Debug|Any CPU
		{B247C0CD-BE61-454A-A665-99FC627FAA42}.Debug|x64.ActiveCfg = Debug|Any CPU
		{B247C0CD-BE61-454A-A665-99FC627FAA42}.Debug|x64.Build.0 = Debug|Any CPU
		{B247C0CD-BE61-454A-A665-99FC627FAA42}.Debug|x86.ActiveCfg = Debug|Any CPU
		{B247C0CD-BE61-454A-A665-99FC627FAA42}.Debug|x86.Build.0 = Debug|Any CPU
		{B247C0CD-BE61-454A-A665-99FC627FAA42}.Release|Any CPU.ActiveCfg = Release|Any CPU
		{B247C0CD-BE61-454A-A665-99FC627FAA42}.Release|Any CPU.Build.0 = Release|Any CPU
		{B247C0CD-BE61-454A-A665-99FC627FAA42}.Release|x64.ActiveCfg = Release|Any CPU
		{B247C0CD-BE61-454A-A665-99FC627FAA42}.Release|x64.Build.0 = Release|Any CPU
		{B247C0CD-BE61-454A-A665-99FC627FAA42}.Release|x86.ActiveCfg = Release|Any CPU
		{B247C0CD-BE61-454A-A665-99FC627FAA42}.Release|x86.Build.0 = Release|Any CPU
		{76E150A5-A401-49E8-AB9A-34DAD20A75B4}.Debug|Any CPU.ActiveCfg = Debug|Any CPU
		{76E150A5-A401-49E8-AB9A-34DAD20A75B4}.Debug|Any CPU.Build.0 = Debug|Any CPU
		{76E150A5-A401-49E8-AB9A-34DAD20A75B4}.Debug|x64.ActiveCfg = Debug|Any CPU
		{76E150A5-A401-49E8-AB9A-34DAD20A75B4}.Debug|x64.Build.0 = Debug|Any CPU
		{76E150A5-A401-49E8-AB9A-34DAD20A75B4}.Debug|x86.ActiveCfg = Debug|Any CPU
		{76E150A5-A401-49E8-AB9A-34DAD20A75B4}.Debug|x86.Build.0 = Debug|Any CPU
		{76E150A5-A401-49E8-AB9A-34DAD20A75B4}.Release|Any CPU.ActiveCfg = Release|Any CPU
		{76E150A5-A401-49E8-AB9A-34DAD20A75B4}.Release|Any CPU.Build.0 = Release|Any CPU
		{76E150A5-A401-49E8-AB9A-34DAD20A75B4}.Release|x64.ActiveCfg = Release|Any CPU
		{76E150A5-A401-49E8-AB9A-34DAD20A75B4}.Release|x64.Build.0 = Release|Any CPU
		{76E150A5-A401-49E8-AB9A-34DAD20A75B4}.Release|x86.ActiveCfg = Release|Any CPU
		{76E150A5-A401-49E8-AB9A-34DAD20A75B4}.Release|x86.Build.0 = Release|Any CPU
	EndGlobalSection
	GlobalSection(SolutionProperties) = preSolution
		HideSolutionNode = FALSE
	EndGlobalSection
	GlobalSection(NestedProjects) = preSolution
		{E0DDFF55-E63E-427B-9EA7-BDE8329968A3} = {827E0CD3-B72D-47B6-A68D-7590B98EB39B}
		{8F8A5930-29D7-44CA-A41E-3E096C4FD04C} = {827E0CD3-B72D-47B6-A68D-7590B98EB39B}
		{A8627991-EDF1-4D59-A8B9-E8402610C322} = {827E0CD3-B72D-47B6-A68D-7590B98EB39B}
		{65568789-A061-4EB6-ADD8-0929D1F8EB50} = {827E0CD3-B72D-47B6-A68D-7590B98EB39B}
		{717FCCE7-A0CF-4585-9A4D-D28DEB951719} = {827E0CD3-B72D-47B6-A68D-7590B98EB39B}
		{C08F4190-664D-4BF9-ACEC-02D4A797697D} = {827E0CD3-B72D-47B6-A68D-7590B98EB39B}
		{A2EF6FBA-3C37-4D3F-A0F3-F4BFD1D6220B} = {827E0CD3-B72D-47B6-A68D-7590B98EB39B}
		{78B0A34E-2E2A-421A-8D5D-BE39FCAC4237} = {827E0CD3-B72D-47B6-A68D-7590B98EB39B}
		{B247C0CD-BE61-454A-A665-99FC627FAA42} = {5A457842-FB45-8F1D-F7AD-AB94A1461D60}
		{76E150A5-A401-49E8-AB9A-34DAD20A75B4} = {827E0CD3-B72D-47B6-A68D-7590B98EB39B}
	EndGlobalSection
EndGlobal
